
Microsoft Visual Studio Solution File, Format Version 12.00
# Visual Studio Version 16
VisualStudioVersion = 16.0.30114.105
MinimumVisualStudioVersion = 10.0.40219.1
Project("{FAE04EC0-301F-11D3-BF4B-00C04F79EFBC}") = "Strategy", "Strategy\Strategy.csproj", "{177F27BC-0973-49F2-8C77-45B1C7C5F71A}"
EndProject
Project("{FAE04EC0-301F-11D3-BF4B-00C04F79EFBC}") = "Observer", "Observer\Observer.csproj", "{78560CB5-0F33-4664-A538-CFF215AE1203}"
EndProject
Project("{FAE04EC0-301F-11D3-BF4B-00C04F79EFBC}") = "Decorater", "Decorater\Decorater.csproj", "{3A0009FC-E330-4B31-9357-3D4FA2C5379E}"
EndProject
Project("{FAE04EC0-301F-11D3-BF4B-00C04F79EFBC}") = "Builder", "Builder\Builder.csproj", "{C146FC93-D41C-4C36-81AC-09CA54137C7F}"
EndProject
Project("{FAE04EC0-301F-11D3-BF4B-00C04F79EFBC}") = "Command", "Command\Command.csproj", "{D5B408ED-075E-4491-A2C3-D31E74DDAF31}"
EndProject
Project("{FAE04EC0-301F-11D3-BF4B-00C04F79EFBC}") = "Adapter", "Adapter\Adapter.csproj", "{7AFD898C-2FBE-4F85-9C67-ABDDF69E8749}"
EndProject
Project("{FAE04EC0-301F-11D3-BF4B-00C04F79EFBC}") = "Facade", "Facade\Facade.csproj", "{3DE5D791-E22C-42D7-BD88-95DB2DF886C8}"
EndProject
Project("{FAE04EC0-301F-11D3-BF4B-00C04F79EFBC}") = "Composite", "Composite\Composite.csproj", "{762B52FB-9ED5-46F7-9AB8-C600A75BA2CC}"
EndProject
Project("{FAE04EC0-301F-11D3-BF4B-00C04F79EFBC}") = "TemplateMethod", "TemplateMethod\TemplateMethod.csproj", "{8B7BF5B4-DE38-479C-83DD-2D7FD36F177E}"
EndProject
Project("{FAE04EC0-301F-11D3-BF4B-00C04F79EFBC}") = "StatePattern", "StatePattern\StatePattern.csproj", "{A178D4A5-86F3-4C64-8630-A2D7B9B625FF}"
EndProject
Global
	GlobalSection(SolutionConfigurationPlatforms) = preSolution
		Debug|Any CPU = Debug|Any CPU
		Debug|x64 = Debug|x64
		Debug|x86 = Debug|x86
		Release|Any CPU = Release|Any CPU
		Release|x64 = Release|x64
		Release|x86 = Release|x86
	EndGlobalSection
	GlobalSection(SolutionProperties) = preSolution
		HideSolutionNode = FALSE
	EndGlobalSection
	GlobalSection(ProjectConfigurationPlatforms) = postSolution
		{177F27BC-0973-49F2-8C77-45B1C7C5F71A}.Debug|Any CPU.ActiveCfg = Debug|Any CPU
		{177F27BC-0973-49F2-8C77-45B1C7C5F71A}.Debug|Any CPU.Build.0 = Debug|Any CPU
		{177F27BC-0973-49F2-8C77-45B1C7C5F71A}.Debug|x64.ActiveCfg = Debug|Any CPU
		{177F27BC-0973-49F2-8C77-45B1C7C5F71A}.Debug|x64.Build.0 = Debug|Any CPU
		{177F27BC-0973-49F2-8C77-45B1C7C5F71A}.Debug|x86.ActiveCfg = Debug|Any CPU
		{177F27BC-0973-49F2-8C77-45B1C7C5F71A}.Debug|x86.Build.0 = Debug|Any CPU
		{177F27BC-0973-49F2-8C77-45B1C7C5F71A}.Release|Any CPU.ActiveCfg = Release|Any CPU
		{177F27BC-0973-49F2-8C77-45B1C7C5F71A}.Release|Any CPU.Build.0 = Release|Any CPU
		{177F27BC-0973-49F2-8C77-45B1C7C5F71A}.Release|x64.ActiveCfg = Release|Any CPU
		{177F27BC-0973-49F2-8C77-45B1C7C5F71A}.Release|x64.Build.0 = Release|Any CPU
		{177F27BC-0973-49F2-8C77-45B1C7C5F71A}.Release|x86.ActiveCfg = Release|Any CPU
		{177F27BC-0973-49F2-8C77-45B1C7C5F71A}.Release|x86.Build.0 = Release|Any CPU
		{78560CB5-0F33-4664-A538-CFF215AE1203}.Debug|Any CPU.ActiveCfg = Debug|Any CPU
		{78560CB5-0F33-4664-A538-CFF215AE1203}.Debug|Any CPU.Build.0 = Debug|Any CPU
		{78560CB5-0F33-4664-A538-CFF215AE1203}.Debug|x64.ActiveCfg = Debug|Any CPU
		{78560CB5-0F33-4664-A538-CFF215AE1203}.Debug|x64.Build.0 = Debug|Any CPU
		{78560CB5-0F33-4664-A538-CFF215AE1203}.Debug|x86.ActiveCfg = Debug|Any CPU
		{78560CB5-0F33-4664-A538-CFF215AE1203}.Debug|x86.Build.0 = Debug|Any CPU
		{78560CB5-0F33-4664-A538-CFF215AE1203}.Release|Any CPU.ActiveCfg = Release|Any CPU
		{78560CB5-0F33-4664-A538-CFF215AE1203}.Release|Any CPU.Build.0 = Release|Any CPU
		{78560CB5-0F33-4664-A538-CFF215AE1203}.Release|x64.ActiveCfg = Release|Any CPU
		{78560CB5-0F33-4664-A538-CFF215AE1203}.Release|x64.Build.0 = Release|Any CPU
		{78560CB5-0F33-4664-A538-CFF215AE1203}.Release|x86.ActiveCfg = Release|Any CPU
		{78560CB5-0F33-4664-A538-CFF215AE1203}.Release|x86.Build.0 = Release|Any CPU
		{3A0009FC-E330-4B31-9357-3D4FA2C5379E}.Debug|Any CPU.ActiveCfg = Debug|Any CPU
		{3A0009FC-E330-4B31-9357-3D4FA2C5379E}.Debug|Any CPU.Build.0 = Debug|Any CPU
		{3A0009FC-E330-4B31-9357-3D4FA2C5379E}.Debug|x64.ActiveCfg = Debug|Any CPU
		{3A0009FC-E330-4B31-9357-3D4FA2C5379E}.Debug|x64.Build.0 = Debug|Any CPU
		{3A0009FC-E330-4B31-9357-3D4FA2C5379E}.Debug|x86.ActiveCfg = Debug|Any CPU
		{3A0009FC-E330-4B31-9357-3D4FA2C5379E}.Debug|x86.Build.0 = Debug|Any CPU
		{3A0009FC-E330-4B31-9357-3D4FA2C5379E}.Release|Any CPU.ActiveCfg = Release|Any CPU
		{3A0009FC-E330-4B31-9357-3D4FA2C5379E}.Release|Any CPU.Build.0 = Release|Any CPU
		{3A0009FC-E330-4B31-9357-3D4FA2C5379E}.Release|x64.ActiveCfg = Release|Any CPU
		{3A0009FC-E330-4B31-9357-3D4FA2C5379E}.Release|x64.Build.0 = Release|Any CPU
		{3A0009FC-E330-4B31-9357-3D4FA2C5379E}.Release|x86.ActiveCfg = Release|Any CPU
		{3A0009FC-E330-4B31-9357-3D4FA2C5379E}.Release|x86.Build.0 = Release|Any CPU
		{C146FC93-D41C-4C36-81AC-09CA54137C7F}.Debug|Any CPU.ActiveCfg = Debug|Any CPU
		{C146FC93-D41C-4C36-81AC-09CA54137C7F}.Debug|Any CPU.Build.0 = Debug|Any CPU
		{C146FC93-D41C-4C36-81AC-09CA54137C7F}.Debug|x64.ActiveCfg = Debug|Any CPU
		{C146FC93-D41C-4C36-81AC-09CA54137C7F}.Debug|x64.Build.0 = Debug|Any CPU
		{C146FC93-D41C-4C36-81AC-09CA54137C7F}.Debug|x86.ActiveCfg = Debug|Any CPU
		{C146FC93-D41C-4C36-81AC-09CA54137C7F}.Debug|x86.Build.0 = Debug|Any CPU
		{C146FC93-D41C-4C36-81AC-09CA54137C7F}.Release|Any CPU.ActiveCfg = Release|Any CPU
		{C146FC93-D41C-4C36-81AC-09CA54137C7F}.Release|Any CPU.Build.0 = Release|Any CPU
		{C146FC93-D41C-4C36-81AC-09CA54137C7F}.Release|x64.ActiveCfg = Release|Any CPU
		{C146FC93-D41C-4C36-81AC-09CA54137C7F}.Release|x64.Build.0 = Release|Any CPU
		{C146FC93-D41C-4C36-81AC-09CA54137C7F}.Release|x86.ActiveCfg = Release|Any CPU
		{C146FC93-D41C-4C36-81AC-09CA54137C7F}.Release|x86.Build.0 = Release|Any CPU
		{D5B408ED-075E-4491-A2C3-D31E74DDAF31}.Debug|Any CPU.ActiveCfg = Debug|Any CPU
		{D5B408ED-075E-4491-A2C3-D31E74DDAF31}.Debug|Any CPU.Build.0 = Debug|Any CPU
		{D5B408ED-075E-4491-A2C3-D31E74DDAF31}.Debug|x64.ActiveCfg = Debug|Any CPU
		{D5B408ED-075E-4491-A2C3-D31E74DDAF31}.Debug|x64.Build.0 = Debug|Any CPU
		{D5B408ED-075E-4491-A2C3-D31E74DDAF31}.Debug|x86.ActiveCfg = Debug|Any CPU
		{D5B408ED-075E-4491-A2C3-D31E74DDAF31}.Debug|x86.Build.0 = Debug|Any CPU
		{D5B408ED-075E-4491-A2C3-D31E74DDAF31}.Release|Any CPU.ActiveCfg = Release|Any CPU
		{D5B408ED-075E-4491-A2C3-D31E74DDAF31}.Release|Any CPU.Build.0 = Release|Any CPU
		{D5B408ED-075E-4491-A2C3-D31E74DDAF31}.Release|x64.ActiveCfg = Release|Any CPU
		{D5B408ED-075E-4491-A2C3-D31E74DDAF31}.Release|x64.Build.0 = Release|Any CPU
		{D5B408ED-075E-4491-A2C3-D31E74DDAF31}.Release|x86.ActiveCfg = Release|Any CPU
		{D5B408ED-075E-4491-A2C3-D31E74DDAF31}.Release|x86.Build.0 = Release|Any CPU
		{7AFD898C-2FBE-4F85-9C67-ABDDF69E8749}.Debug|Any CPU.ActiveCfg = Debug|Any CPU
		{7AFD898C-2FBE-4F85-9C67-ABDDF69E8749}.Debug|Any CPU.Build.0 = Debug|Any CPU
		{7AFD898C-2FBE-4F85-9C67-ABDDF69E8749}.Debug|x64.ActiveCfg = Debug|Any CPU
		{7AFD898C-2FBE-4F85-9C67-ABDDF69E8749}.Debug|x64.Build.0 = Debug|Any CPU
		{7AFD898C-2FBE-4F85-9C67-ABDDF69E8749}.Debug|x86.ActiveCfg = Debug|Any CPU
		{7AFD898C-2FBE-4F85-9C67-ABDDF69E8749}.Debug|x86.Build.0 = Debug|Any CPU
		{7AFD898C-2FBE-4F85-9C67-ABDDF69E8749}.Release|Any CPU.ActiveCfg = Release|Any CPU
		{7AFD898C-2FBE-4F85-9C67-ABDDF69E8749}.Release|Any CPU.Build.0 = Release|Any CPU
		{7AFD898C-2FBE-4F85-9C67-ABDDF69E8749}.Release|x64.ActiveCfg = Release|Any CPU
		{7AFD898C-2FBE-4F85-9C67-ABDDF69E8749}.Release|x64.Build.0 = Release|Any CPU
		{7AFD898C-2FBE-4F85-9C67-ABDDF69E8749}.Release|x86.ActiveCfg = Release|Any CPU
		{7AFD898C-2FBE-4F85-9C67-ABDDF69E8749}.Release|x86.Build.0 = Release|Any CPU
		{3DE5D791-E22C-42D7-BD88-95DB2DF886C8}.Debug|Any CPU.ActiveCfg = Debug|Any CPU
		{3DE5D791-E22C-42D7-BD88-95DB2DF886C8}.Debug|Any CPU.Build.0 = Debug|Any CPU
		{3DE5D791-E22C-42D7-BD88-95DB2DF886C8}.Debug|x64.ActiveCfg = Debug|Any CPU
		{3DE5D791-E22C-42D7-BD88-95DB2DF886C8}.Debug|x64.Build.0 = Debug|Any CPU
		{3DE5D791-E22C-42D7-BD88-95DB2DF886C8}.Debug|x86.ActiveCfg = Debug|Any CPU
		{3DE5D791-E22C-42D7-BD88-95DB2DF886C8}.Debug|x86.Build.0 = Debug|Any CPU
		{3DE5D791-E22C-42D7-BD88-95DB2DF886C8}.Release|Any CPU.ActiveCfg = Release|Any CPU
		{3DE5D791-E22C-42D7-BD88-95DB2DF886C8}.Release|Any CPU.Build.0 = Release|Any CPU
		{3DE5D791-E22C-42D7-BD88-95DB2DF886C8}.Release|x64.ActiveCfg = Release|Any CPU
		{3DE5D791-E22C-42D7-BD88-95DB2DF886C8}.Release|x64.Build.0 = Release|Any CPU
		{3DE5D791-E22C-42D7-BD88-95DB2DF886C8}.Release|x86.ActiveCfg = Release|Any CPU
		{3DE5D791-E22C-42D7-BD88-95DB2DF886C8}.Release|x86.Build.0 = Release|Any CPU
		{762B52FB-9ED5-46F7-9AB8-C600A75BA2CC}.Debug|Any CPU.ActiveCfg = Debug|Any CPU
		{762B52FB-9ED5-46F7-9AB8-C600A75BA2CC}.Debug|Any CPU.Build.0 = Debug|Any CPU
		{762B52FB-9ED5-46F7-9AB8-C600A75BA2CC}.Debug|x64.ActiveCfg = Debug|Any CPU
		{762B52FB-9ED5-46F7-9AB8-C600A75BA2CC}.Debug|x64.Build.0 = Debug|Any CPU
		{762B52FB-9ED5-46F7-9AB8-C600A75BA2CC}.Debug|x86.ActiveCfg = Debug|Any CPU
		{762B52FB-9ED5-46F7-9AB8-C600A75BA2CC}.Debug|x86.Build.0 = Debug|Any CPU
		{762B52FB-9ED5-46F7-9AB8-C600A75BA2CC}.Release|Any CPU.ActiveCfg = Release|Any CPU
		{762B52FB-9ED5-46F7-9AB8-C600A75BA2CC}.Release|Any CPU.Build.0 = Release|Any CPU
		{762B52FB-9ED5-46F7-9AB8-C600A75BA2CC}.Release|x64.ActiveCfg = Release|Any CPU
		{762B52FB-9ED5-46F7-9AB8-C600A75BA2CC}.Release|x64.Build.0 = Release|Any CPU
		{762B52FB-9ED5-46F7-9AB8-C600A75BA2CC}.Release|x86.ActiveCfg = Release|Any CPU
		{762B52FB-9ED5-46F7-9AB8-C600A75BA2CC}.Release|x86.Build.0 = Release|Any CPU
		{8B7BF5B4-DE38-479C-83DD-2D7FD36F177E}.Debug|Any CPU.ActiveCfg = Debug|Any CPU
		{8B7BF5B4-DE38-479C-83DD-2D7FD36F177E}.Debug|Any CPU.Build.0 = Debug|Any CPU
		{8B7BF5B4-DE38-479C-83DD-2D7FD36F177E}.Debug|x64.ActiveCfg = Debug|Any CPU
		{8B7BF5B4-DE38-479C-83DD-2D7FD36F177E}.Debug|x64.Build.0 = Debug|Any CPU
		{8B7BF5B4-DE38-479C-83DD-2D7FD36F177E}.Debug|x86.ActiveCfg = Debug|Any CPU
		{8B7BF5B4-DE38-479C-83DD-2D7FD36F177E}.Debug|x86.Build.0 = Debug|Any CPU
		{8B7BF5B4-DE38-479C-83DD-2D7FD36F177E}.Release|Any CPU.ActiveCfg = Release|Any CPU
		{8B7BF5B4-DE38-479C-83DD-2D7FD36F177E}.Release|Any CPU.Build.0 = Release|Any CPU
		{8B7BF5B4-DE38-479C-83DD-2D7FD36F177E}.Release|x64.ActiveCfg = Release|Any CPU
		{8B7BF5B4-DE38-479C-83DD-2D7FD36F177E}.Release|x64.Build.0 = Release|Any CPU
		{8B7BF5B4-DE38-479C-83DD-2D7FD36F177E}.Release|x86.ActiveCfg = Release|Any CPU
		{8B7BF5B4-DE38-479C-83DD-2D7FD36F177E}.Release|x86.Build.0 = Release|Any CPU
		{A178D4A5-86F3-4C64-8630-A2D7B9B625FF}.Debug|Any CPU.ActiveCfg = Debug|Any CPU
		{A178D4A5-86F3-4C64-8630-A2D7B9B625FF}.Debug|Any CPU.Build.0 = Debug|Any CPU
		{A178D4A5-86F3-4C64-8630-A2D7B9B625FF}.Debug|x64.ActiveCfg = Debug|Any CPU
		{A178D4A5-86F3-4C64-8630-A2D7B9B625FF}.Debug|x64.Build.0 = Debug|Any CPU
		{A178D4A5-86F3-4C64-8630-A2D7B9B625FF}.Debug|x86.ActiveCfg = Debug|Any CPU
		{A178D4A5-86F3-4C64-8630-A2D7B9B625FF}.Debug|x86.Build.0 = Debug|Any CPU
		{A178D4A5-86F3-4C64-8630-A2D7B9B625FF}.Release|Any CPU.ActiveCfg = Release|Any CPU
		{A178D4A5-86F3-4C64-8630-A2D7B9B625FF}.Release|Any CPU.Build.0 = Release|Any CPU
		{A178D4A5-86F3-4C64-8630-A2D7B9B625FF}.Release|x64.ActiveCfg = Release|Any CPU
		{A178D4A5-86F3-4C64-8630-A2D7B9B625FF}.Release|x64.Build.0 = Release|Any CPU
		{A178D4A5-86F3-4C64-8630-A2D7B9B625FF}.Release|x86.ActiveCfg = Release|Any CPU
		{A178D4A5-86F3-4C64-8630-A2D7B9B625FF}.Release|x86.Build.0 = Release|Any CPU
	EndGlobalSection
EndGlobal
